
Microsoft Visual Studio Solution File, Format Version 12.00
# Visual Studio Version 17
VisualStudioVersion = 17.0.32112.339
MinimumVisualStudioVersion = 10.0.40219.1
Project("{FAE04EC0-301F-11D3-BF4B-00C04F79EFBC}") = "Lab3", "Lab3\Lab3.csproj", "{3808E246-79C1-4B23-84A5-A31F9FA8F1C9}"
EndProject
Global
	GlobalSection(SolutionConfigurationPlatforms) = preSolution
		Debug|Any CPU = Debug|Any CPU
		Release|Any CPU = Release|Any CPU
	EndGlobalSection
	GlobalSection(ProjectConfigurationPlatforms) = postSolution
		{3808E246-79C1-4B23-84A5-A31F9FA8F1C9}.Debug|Any CPU.ActiveCfg = Debug|Any CPU
		{3808E246-79C1-4B23-84A5-A31F9FA8F1C9}.Debug|Any CPU.Build.0 = Debug|Any CPU
		{3808E246-79C1-4B23-84A5-A31F9FA8F1C9}.Release|Any CPU.ActiveCfg = Release|Any CPU
		{3808E246-79C1-4B23-84A5-A31F9FA8F1C9}.Release|Any CPU.Build.0 = Release|Any CPU
	EndGlobalSection
	GlobalSection(SolutionProperties) = preSolution
		HideSolutionNode = FALSE
	EndGlobalSection
	GlobalSection(ExtensibilityGlobals) = postSolution
		SolutionGuid = {E76529B5-0FDD-4E13-B373-7E30E1B55F3B}
	EndGlobalSection
EndGlobal
